---
mruby:
  version: 3.4.0
  release_no: 30400
builds:
  host:
    https://github.com/iij/mruby-env.git:
      url: https://github.com/iij/mruby-env.git
      branch: master
      commit: 056ae324451ef16a50c7887e117f0ea30921b71b
      version: 0.0.0
    https://github.com/mrbgems/mruby-tempfile.git:
      url: https://github.com/mrbgems/mruby-tempfile.git
      branch: master
      commit: 48073012c932f540dc3773b2dc6b079caf71a70d
      version: 0.0.0
    https://github.com/buty4649/mruby-commit-id.git:
      url: https://github.com/buty4649/mruby-commit-id.git
      branch: main
      commit: 2fa9d2fbd52c4cee2cb473321a7fbb451dacf103
      version: 0.0.0
    https://github.com/buty4649/mruby-yyjson.git:
      url: https://github.com/buty4649/mruby-yyjson.git
      branch: main
      commit: e2cb1425cbfcb55768c8b20779ec88381112ef23
      version: 1.7.0
    https://github.com/buty4649/mruby-rapidyaml.git:
      url: https://github.com/buty4649/mruby-rapidyaml.git
      branch: main
      commit: 2761ba1648646f6fb30edd46099bacfda564e11b
      version: 1.0.0
    https://github.com/buty4649/mruby-tiny-optparse.git:
      url: https://github.com/buty4649/mruby-tiny-optparse.git
      branch: main
      commit: fa91da30fc2668bd5a9623f7310304846d2e1c99
      version: 0.2.1
    https://github.com/buty4649/mruby-terminal-color.git:
      url: https://github.com/buty4649/mruby-terminal-color.git
      branch: main
      commit: 5814e24c091aa3106a7fe0a51c38b0330219ff9e
      version: 1.1.2
    https://github.com/buty4649/magni.git:
      url: https://github.com/buty4649/magni.git
      branch: main
      commit: 1218c1ed4e6e2a371c5f1873a84d954d391c066a
      version: 1.3.0
    https://github.com/mattn/mruby-base64.git:
      url: https://github.com/mattn/mruby-base64.git
      branch: master
      commit: 0e613fc86feb993aac59b922e273cef8914f11b0
      version: 0.0.0
    https://github.com/buty4649/mruby-onig-regexp.git:
      url: https://github.com/buty4649/mruby-onig-regexp.git
      branch: master
      commit: 61c255d4ee5795f16e90cf079da32d3b2ff19cd5
      version: 0.0.0
  linux-amd64:
    https://github.com/iij/mruby-env.git:
      url: https://github.com/iij/mruby-env.git
      branch: master
      commit: 056ae324451ef16a50c7887e117f0ea30921b71b
      version: 0.0.0
    https://github.com/mrbgems/mruby-tempfile.git:
      url: https://github.com/mrbgems/mruby-tempfile.git
      branch: master
      commit: 48073012c932f540dc3773b2dc6b079caf71a70d
      version: 0.0.0
    https://github.com/buty4649/mruby-commit-id.git:
      url: https://github.com/buty4649/mruby-commit-id.git
      branch: main
      commit: 2fa9d2fbd52c4cee2cb473321a7fbb451dacf103
      version: 0.0.0
    https://github.com/buty4649/mruby-yyjson.git:
      url: https://github.com/buty4649/mruby-yyjson.git
      branch: main
      commit: e2cb1425cbfcb55768c8b20779ec88381112ef23
      version: 1.7.0
    https://github.com/buty4649/mruby-rapidyaml.git:
      url: https://github.com/buty4649/mruby-rapidyaml.git
      branch: main
      commit: 2761ba1648646f6fb30edd46099bacfda564e11b
      version: 1.0.0
    https://github.com/buty4649/mruby-tiny-optparse.git:
      url: https://github.com/buty4649/mruby-tiny-optparse.git
      branch: main
      commit: fa91da30fc2668bd5a9623f7310304846d2e1c99
      version: 0.2.1
    https://github.com/buty4649/mruby-terminal-color.git:
      url: https://github.com/buty4649/mruby-terminal-color.git
      branch: main
      commit: 5814e24c091aa3106a7fe0a51c38b0330219ff9e
      version: 1.1.2
    https://github.com/buty4649/magni.git:
      url: https://github.com/buty4649/magni.git
      branch: main
      commit: 1218c1ed4e6e2a371c5f1873a84d954d391c066a
      version: 1.3.0
    https://github.com/mattn/mruby-base64.git:
      url: https://github.com/mattn/mruby-base64.git
      branch: master
      commit: 0e613fc86feb993aac59b922e273cef8914f11b0
      version: 0.0.0
    https://github.com/buty4649/mruby-onig-regexp.git:
      url: https://github.com/buty4649/mruby-onig-regexp.git
      branch: master
      commit: 61c255d4ee5795f16e90cf079da32d3b2ff19cd5
      version: 0.0.0
  linux-arm64:
    https://github.com/iij/mruby-env.git:
      url: https://github.com/iij/mruby-env.git
      branch: master
      commit: 056ae324451ef16a50c7887e117f0ea30921b71b
      version: 0.0.0
    https://github.com/mrbgems/mruby-tempfile.git:
      url: https://github.com/mrbgems/mruby-tempfile.git
      branch: master
      commit: 48073012c932f540dc3773b2dc6b079caf71a70d
      version: 0.0.0
    https://github.com/buty4649/mruby-commit-id.git:
      url: https://github.com/buty4649/mruby-commit-id.git
      branch: main
      commit: 2fa9d2fbd52c4cee2cb473321a7fbb451dacf103
      version: 0.0.0
    https://github.com/buty4649/mruby-yyjson.git:
      url: https://github.com/buty4649/mruby-yyjson.git
      branch: main
      commit: e2cb1425cbfcb55768c8b20779ec88381112ef23
      version: 1.7.0
    https://github.com/buty4649/mruby-rapidyaml.git:
      url: https://github.com/buty4649/mruby-rapidyaml.git
      branch: main
      commit: 2761ba1648646f6fb30edd46099bacfda564e11b
      version: 1.0.0
    https://github.com/buty4649/mruby-tiny-optparse.git:
      url: https://github.com/buty4649/mruby-tiny-optparse.git
      branch: main
      commit: fa91da30fc2668bd5a9623f7310304846d2e1c99
      version: 0.2.1
    https://github.com/buty4649/mruby-terminal-color.git:
      url: https://github.com/buty4649/mruby-terminal-color.git
      branch: main
      commit: 5814e24c091aa3106a7fe0a51c38b0330219ff9e
      version: 1.1.2
    https://github.com/buty4649/magni.git:
      url: https://github.com/buty4649/magni.git
      branch: main
      commit: 1218c1ed4e6e2a371c5f1873a84d954d391c066a
      version: 1.3.0
    https://github.com/mattn/mruby-base64.git:
      url: https://github.com/mattn/mruby-base64.git
      branch: master
      commit: 0e613fc86feb993aac59b922e273cef8914f11b0
      version: 0.0.0
    https://github.com/buty4649/mruby-onig-regexp.git:
      url: https://github.com/buty4649/mruby-onig-regexp.git
      branch: master
      commit: 61c255d4ee5795f16e90cf079da32d3b2ff19cd5
      version: 0.0.0
  darwin-arm64:
    https://github.com/iij/mruby-env.git:
      url: https://github.com/iij/mruby-env.git
      branch: master
      commit: 056ae324451ef16a50c7887e117f0ea30921b71b
      version: 0.0.0
    https://github.com/mrbgems/mruby-tempfile.git:
      url: https://github.com/mrbgems/mruby-tempfile.git
      branch: master
      commit: 48073012c932f540dc3773b2dc6b079caf71a70d
      version: 0.0.0
    https://github.com/buty4649/mruby-commit-id.git:
      url: https://github.com/buty4649/mruby-commit-id.git
      branch: main
      commit: 2fa9d2fbd52c4cee2cb473321a7fbb451dacf103
      version: 0.0.0
    https://github.com/buty4649/mruby-yyjson.git:
      url: https://github.com/buty4649/mruby-yyjson.git
      branch: main
      commit: e2cb1425cbfcb55768c8b20779ec88381112ef23
      version: 1.7.0
    https://github.com/buty4649/mruby-rapidyaml.git:
      url: https://github.com/buty4649/mruby-rapidyaml.git
      branch: main
      commit: 2761ba1648646f6fb30edd46099bacfda564e11b
      version: 1.0.0
    https://github.com/buty4649/mruby-tiny-optparse.git:
      url: https://github.com/buty4649/mruby-tiny-optparse.git
      branch: main
      commit: fa91da30fc2668bd5a9623f7310304846d2e1c99
      version: 0.2.1
    https://github.com/buty4649/mruby-terminal-color.git:
      url: https://github.com/buty4649/mruby-terminal-color.git
      branch: main
      commit: 5814e24c091aa3106a7fe0a51c38b0330219ff9e
      version: 1.1.2
    https://github.com/buty4649/magni.git:
      url: https://github.com/buty4649/magni.git
      branch: main
      commit: 1218c1ed4e6e2a371c5f1873a84d954d391c066a
      version: 1.3.0
    https://github.com/mattn/mruby-base64.git:
      url: https://github.com/mattn/mruby-base64.git
      branch: master
      commit: 0e613fc86feb993aac59b922e273cef8914f11b0
      version: 0.0.0
    https://github.com/buty4649/mruby-onig-regexp.git:
      url: https://github.com/buty4649/mruby-onig-regexp.git
      branch: master
      commit: 61c255d4ee5795f16e90cf079da32d3b2ff19cd5
      version: 0.0.0
  windows-amd64:
    https://github.com/iij/mruby-env.git:
      url: https://github.com/iij/mruby-env.git
      branch: master
      commit: 056ae324451ef16a50c7887e117f0ea30921b71b
      version: 0.0.0
    https://github.com/mrbgems/mruby-tempfile.git:
      url: https://github.com/mrbgems/mruby-tempfile.git
      branch: master
      commit: 48073012c932f540dc3773b2dc6b079caf71a70d
      version: 0.0.0
    https://github.com/buty4649/mruby-commit-id.git:
      url: https://github.com/buty4649/mruby-commit-id.git
      branch: main
      commit: 2fa9d2fbd52c4cee2cb473321a7fbb451dacf103
      version: 0.0.0
    https://github.com/buty4649/mruby-yyjson.git:
      url: https://github.com/buty4649/mruby-yyjson.git
      branch: main
      commit: e2cb1425cbfcb55768c8b20779ec88381112ef23
      version: 1.7.0
    https://github.com/buty4649/mruby-rapidyaml.git:
      url: https://github.com/buty4649/mruby-rapidyaml.git
      branch: main
      commit: 2761ba1648646f6fb30edd46099bacfda564e11b
      version: 1.0.0
    https://github.com/buty4649/mruby-tiny-optparse.git:
      url: https://github.com/buty4649/mruby-tiny-optparse.git
      branch: main
      commit: fa91da30fc2668bd5a9623f7310304846d2e1c99
      version: 0.2.1
    https://github.com/buty4649/mruby-terminal-color.git:
      url: https://github.com/buty4649/mruby-terminal-color.git
      branch: main
      commit: 5814e24c091aa3106a7fe0a51c38b0330219ff9e
      version: 1.1.2
    https://github.com/buty4649/magni.git:
      url: https://github.com/buty4649/magni.git
      branch: main
      commit: 1218c1ed4e6e2a371c5f1873a84d954d391c066a
      version: 1.3.0
    https://github.com/mattn/mruby-base64.git:
      url: https://github.com/mattn/mruby-base64.git
      branch: master
      commit: 0e613fc86feb993aac59b922e273cef8914f11b0
      version: 0.0.0
    https://github.com/buty4649/mruby-onig-regexp.git:
      url: https://github.com/buty4649/mruby-onig-regexp.git
      branch: master
      commit: 61c255d4ee5795f16e90cf079da32d3b2ff19cd5
      version: 0.0.0
