---
mruby:
  version: 3.3.0
  release_no: 30300
builds:
  host:
    https://github.com/fastly/mruby-optparse.git:
      url: https://github.com/fastly/mruby-optparse.git
      branch: master
      commit: e6397a090d1efe04d5dab57c63897f0d79bbad89
      version: 0.0.0
    https://github.com/mattn/mruby-json.git:
      url: https://github.com/mattn/mruby-json.git
      branch: master
      commit: f99d9428025469f2400f93c53b185f65f963e507
      version: 0.0.0
    https://github.com/IceDragon200/mruby-catch-throw:
      url: https://github.com/IceDragon200/mruby-catch-throw
      branch: master
      commit: 2b6eaff4232b4a9473b864df53c2917080af5dcf
      version: 1.1.0
    https://github.com/iij/mruby-env.git:
      url: https://github.com/iij/mruby-env.git
      branch: master
      commit: 056ae324451ef16a50c7887e117f0ea30921b71b
      version: 0.0.0
    https://github.com/iij/mruby-mtest.git:
      url: https://github.com/iij/mruby-mtest.git
      branch: master
      commit: 34a477d249b0d21671058be33aa75d04c3e981ba
      version: 0.0.0
    https://github.com/buty4649/mruby-yaml.git:
      url: https://github.com/buty4649/mruby-yaml.git
      branch: master
      commit: 61387b50f150626a1cab8833545847ccc3d993b6
      version: 0.1.0
    https://github.com/buty4649/mruby-onig-regexp.git:
      url: https://github.com/buty4649/mruby-onig-regexp.git
      branch: master
      commit: 9342b100879fa711ba068a2c5c6fac528ca39d5a
      version: 0.0.0
    https://github.com/ksss/mruby-file-stat.git:
      url: https://github.com/ksss/mruby-file-stat.git
      branch: master
      commit: bb773da39517f3ae7232538c7e9c476d45f3d9b7
      version: 0.0.0
    https://github.com/iij/mruby-tempfile.git:
      url: https://github.com/iij/mruby-tempfile.git
      branch: master
      commit: 48073012c932f540dc3773b2dc6b079caf71a70d
      version: 0.0.0
    https://github.com/buty4649/mruby-commit-id.git:
      url: https://github.com/buty4649/mruby-commit-id.git
      branch: main
      commit: 2fa9d2fbd52c4cee2cb473321a7fbb451dacf103
      version: 0.0.0
  linux-amd64:
    https://github.com/mattn/mruby-json.git:
      url: https://github.com/mattn/mruby-json.git
      branch: master
      commit: f99d9428025469f2400f93c53b185f65f963e507
      version: 0.0.0
    https://github.com/fastly/mruby-optparse.git:
      url: https://github.com/fastly/mruby-optparse.git
      branch: master
      commit: e6397a090d1efe04d5dab57c63897f0d79bbad89
      version: 0.0.0
    https://github.com/IceDragon200/mruby-catch-throw:
      url: https://github.com/IceDragon200/mruby-catch-throw
      branch: master
      commit: 2b6eaff4232b4a9473b864df53c2917080af5dcf
      version: 1.1.0
    https://github.com/iij/mruby-env.git:
      url: https://github.com/iij/mruby-env.git
      branch: master
      commit: 056ae324451ef16a50c7887e117f0ea30921b71b
      version: 0.0.0
    https://github.com/buty4649/mruby-yaml.git:
      url: https://github.com/buty4649/mruby-yaml.git
      branch: master
      commit: 61387b50f150626a1cab8833545847ccc3d993b6
      version: 0.1.0
    https://github.com/buty4649/mruby-onig-regexp.git:
      url: https://github.com/buty4649/mruby-onig-regexp.git
      branch: master
      commit: 9342b100879fa711ba068a2c5c6fac528ca39d5a
      version: 0.0.0
    https://github.com/ksss/mruby-file-stat.git:
      url: https://github.com/ksss/mruby-file-stat.git
      branch: master
      commit: bb773da39517f3ae7232538c7e9c476d45f3d9b7
      version: 0.0.0
    https://github.com/iij/mruby-tempfile.git:
      url: https://github.com/iij/mruby-tempfile.git
      branch: master
      commit: 48073012c932f540dc3773b2dc6b079caf71a70d
      version: 0.0.0
  linux-arm64:
    https://github.com/mattn/mruby-json.git:
      url: https://github.com/mattn/mruby-json.git
      branch: master
      commit: f99d9428025469f2400f93c53b185f65f963e507
      version: 0.0.0
    https://github.com/fastly/mruby-optparse.git:
      url: https://github.com/fastly/mruby-optparse.git
      branch: master
      commit: e6397a090d1efe04d5dab57c63897f0d79bbad89
      version: 0.0.0
    https://github.com/IceDragon200/mruby-catch-throw:
      url: https://github.com/IceDragon200/mruby-catch-throw
      branch: master
      commit: 2b6eaff4232b4a9473b864df53c2917080af5dcf
      version: 1.1.0
    https://github.com/iij/mruby-env.git:
      url: https://github.com/iij/mruby-env.git
      branch: master
      commit: 056ae324451ef16a50c7887e117f0ea30921b71b
      version: 0.0.0
    https://github.com/buty4649/mruby-yaml.git:
      url: https://github.com/buty4649/mruby-yaml.git
      branch: master
      commit: 61387b50f150626a1cab8833545847ccc3d993b6
      version: 0.1.0
    https://github.com/buty4649/mruby-onig-regexp.git:
      url: https://github.com/buty4649/mruby-onig-regexp.git
      branch: master
      commit: 9342b100879fa711ba068a2c5c6fac528ca39d5a
      version: 0.0.0
    https://github.com/ksss/mruby-file-stat.git:
      url: https://github.com/ksss/mruby-file-stat.git
      branch: master
      commit: bb773da39517f3ae7232538c7e9c476d45f3d9b7
      version: 0.0.0
    https://github.com/iij/mruby-tempfile.git:
      url: https://github.com/iij/mruby-tempfile.git
      branch: master
      commit: 48073012c932f540dc3773b2dc6b079caf71a70d
      version: 0.0.0
  darwin-amd64:
    https://github.com/mattn/mruby-json.git:
      url: https://github.com/mattn/mruby-json.git
      branch: master
      commit: f99d9428025469f2400f93c53b185f65f963e507
      version: 0.0.0
    https://github.com/fastly/mruby-optparse.git:
      url: https://github.com/fastly/mruby-optparse.git
      branch: master
      commit: e6397a090d1efe04d5dab57c63897f0d79bbad89
      version: 0.0.0
    https://github.com/IceDragon200/mruby-catch-throw:
      url: https://github.com/IceDragon200/mruby-catch-throw
      branch: master
      commit: 2b6eaff4232b4a9473b864df53c2917080af5dcf
      version: 1.1.0
    https://github.com/iij/mruby-env.git:
      url: https://github.com/iij/mruby-env.git
      branch: master
      commit: 056ae324451ef16a50c7887e117f0ea30921b71b
      version: 0.0.0
    https://github.com/buty4649/mruby-yaml.git:
      url: https://github.com/buty4649/mruby-yaml.git
      branch: master
      commit: 61387b50f150626a1cab8833545847ccc3d993b6
      version: 0.1.0
    https://github.com/buty4649/mruby-onig-regexp.git:
      url: https://github.com/buty4649/mruby-onig-regexp.git
      branch: master
      commit: 9342b100879fa711ba068a2c5c6fac528ca39d5a
      version: 0.0.0
    https://github.com/ksss/mruby-file-stat.git:
      url: https://github.com/ksss/mruby-file-stat.git
      branch: master
      commit: bb773da39517f3ae7232538c7e9c476d45f3d9b7
      version: 0.0.0
    https://github.com/iij/mruby-tempfile.git:
      url: https://github.com/iij/mruby-tempfile.git
      branch: master
      commit: 48073012c932f540dc3773b2dc6b079caf71a70d
      version: 0.0.0
  darwin-arm64:
    https://github.com/mattn/mruby-json.git:
      url: https://github.com/mattn/mruby-json.git
      branch: master
      commit: f99d9428025469f2400f93c53b185f65f963e507
      version: 0.0.0
    https://github.com/fastly/mruby-optparse.git:
      url: https://github.com/fastly/mruby-optparse.git
      branch: master
      commit: e6397a090d1efe04d5dab57c63897f0d79bbad89
      version: 0.0.0
    https://github.com/IceDragon200/mruby-catch-throw:
      url: https://github.com/IceDragon200/mruby-catch-throw
      branch: master
      commit: 2b6eaff4232b4a9473b864df53c2917080af5dcf
      version: 1.1.0
    https://github.com/iij/mruby-env.git:
      url: https://github.com/iij/mruby-env.git
      branch: master
      commit: 056ae324451ef16a50c7887e117f0ea30921b71b
      version: 0.0.0
    https://github.com/buty4649/mruby-yaml.git:
      url: https://github.com/buty4649/mruby-yaml.git
      branch: master
      commit: 61387b50f150626a1cab8833545847ccc3d993b6
      version: 0.1.0
    https://github.com/buty4649/mruby-onig-regexp.git:
      url: https://github.com/buty4649/mruby-onig-regexp.git
      branch: master
      commit: 9342b100879fa711ba068a2c5c6fac528ca39d5a
      version: 0.0.0
    https://github.com/ksss/mruby-file-stat.git:
      url: https://github.com/ksss/mruby-file-stat.git
      branch: master
      commit: bb773da39517f3ae7232538c7e9c476d45f3d9b7
      version: 0.0.0
    https://github.com/iij/mruby-tempfile.git:
      url: https://github.com/iij/mruby-tempfile.git
      branch: master
      commit: 48073012c932f540dc3773b2dc6b079caf71a70d
      version: 0.0.0
  windows-amd64:
    https://github.com/mattn/mruby-json.git:
      url: https://github.com/mattn/mruby-json.git
      branch: master
      commit: f99d9428025469f2400f93c53b185f65f963e507
      version: 0.0.0
    https://github.com/fastly/mruby-optparse.git:
      url: https://github.com/fastly/mruby-optparse.git
      branch: master
      commit: e6397a090d1efe04d5dab57c63897f0d79bbad89
      version: 0.0.0
    https://github.com/IceDragon200/mruby-catch-throw:
      url: https://github.com/IceDragon200/mruby-catch-throw
      branch: master
      commit: 2b6eaff4232b4a9473b864df53c2917080af5dcf
      version: 1.1.0
    https://github.com/iij/mruby-env.git:
      url: https://github.com/iij/mruby-env.git
      branch: master
      commit: 056ae324451ef16a50c7887e117f0ea30921b71b
      version: 0.0.0
    https://github.com/buty4649/mruby-yaml.git:
      url: https://github.com/buty4649/mruby-yaml.git
      branch: master
      commit: 61387b50f150626a1cab8833545847ccc3d993b6
      version: 0.1.0
    https://github.com/buty4649/mruby-onig-regexp.git:
      url: https://github.com/buty4649/mruby-onig-regexp.git
      branch: master
      commit: 9342b100879fa711ba068a2c5c6fac528ca39d5a
      version: 0.0.0
    https://github.com/ksss/mruby-file-stat.git:
      url: https://github.com/ksss/mruby-file-stat.git
      branch: master
      commit: bb773da39517f3ae7232538c7e9c476d45f3d9b7
      version: 0.0.0
    https://github.com/iij/mruby-tempfile.git:
      url: https://github.com/iij/mruby-tempfile.git
      branch: master
      commit: 48073012c932f540dc3773b2dc6b079caf71a70d
      version: 0.0.0
