GEM
  remote: https://rubygems.org/
  specs:
    aruba (2.3.3)
      bundler (>= 1.17)
      contracts (>= 0.16.0, < 0.18.0)
      cucumber (>= 8.0, < 11.0)
      rspec-expectations (>= 3.4, < 5.0)
      thor (~> 1.0)
    ast (2.4.3)
    base64 (0.3.0)
    bigdecimal (4.0.1)
    binding_of_caller (1.0.1)
      debug_inspector (>= 1.2.0)
    builder (3.3.0)
    contracts (0.17.3)
    cucumber (10.2.0)
      base64 (~> 0.2)
      builder (~> 3.2)
      cucumber-ci-environment (> 9, < 12)
      cucumber-core (> 15, < 17)
      cucumber-cucumber-expressions (> 17, < 20)
      cucumber-html-formatter (> 21, < 23)
      diff-lcs (~> 1.5)
      logger (~> 1.6)
      mini_mime (~> 1.1)
      multi_test (~> 1.1)
      sys-uname (~> 1.3)
    cucumber-ci-environment (11.0.0)
    cucumber-core (16.1.1)
      cucumber-gherkin (> 36, < 40)
      cucumber-messages (> 31, < 33)
      cucumber-tag-expressions (> 6, < 9)
    cucumber-cucumber-expressions (18.0.1)
      bigdecimal
    cucumber-gherkin (37.0.1)
      cucumber-messages (>= 31, < 32)
    cucumber-html-formatter (22.3.0)
      cucumber-messages (> 23, < 33)
    cucumber-messages (31.1.0)
    cucumber-tag-expressions (8.1.0)
    debug_inspector (1.2.0)
    diff-lcs (1.6.2)
    ffi (1.17.3-arm64-darwin)
    ffi (1.17.3-x64-mingw-ucrt)
    ffi (1.17.3-x86_64-linux-gnu)
    json (2.18.0)
    language_server-protocol (3.17.0.5)
    lint_roller (1.1.0)
    logger (1.7.0)
    memoist3 (1.0.0)
    mini_mime (1.1.5)
    multi_test (1.1.0)
    parallel (1.27.0)
    parallel_tests (5.6.0)
      parallel
    parser (3.3.10.1)
      ast (~> 2.4.1)
      racc
    prism (1.9.0)
    proc_to_ast (0.2.0)
      parser
      rouge
      unparser
    racc (1.8.1)
    rainbow (3.1.1)
    rake (13.3.1)
    regexp_parser (2.11.3)
    rouge (4.7.0)
    rspec (3.13.2)
      rspec-core (~> 3.13.0)
      rspec-expectations (~> 3.13.0)
      rspec-mocks (~> 3.13.0)
    rspec-core (3.13.6)
      rspec-support (~> 3.13.0)
    rspec-expectations (3.13.5)
      diff-lcs (>= 1.2.0, < 2.0)
      rspec-support (~> 3.13.0)
    rspec-mocks (3.13.7)
      diff-lcs (>= 1.2.0, < 2.0)
      rspec-support (~> 3.13.0)
    rspec-parameterized (2.0.1)
      rspec-parameterized-core (>= 2, < 3)
      rspec-parameterized-table_syntax (>= 2, < 3)
    rspec-parameterized-core (2.0.1)
      parser
      prism
      proc_to_ast (>= 0.2.0)
      rspec (>= 2.13, < 4)
      unparser
    rspec-parameterized-table_syntax (2.1.0)
      binding_of_caller
      rspec-parameterized-core (>= 2, < 3)
    rspec-support (3.13.6)
    rubocop (1.84.1)
      json (~> 2.3)
      language_server-protocol (~> 3.17.0.2)
      lint_roller (~> 1.1.0)
      parallel (~> 1.10)
      parser (>= 3.3.0.2)
      rainbow (>= 2.2.2, < 4.0)
      regexp_parser (>= 2.9.3, < 3.0)
      rubocop-ast (>= 1.49.0, < 2.0)
      ruby-progressbar (~> 1.7)
      unicode-display_width (>= 2.4.0, < 4.0)
    rubocop-ast (1.49.0)
      parser (>= 3.3.7.2)
      prism (~> 1.7)
    rubocop-performance (1.26.1)
      lint_roller (~> 1.1)
      rubocop (>= 1.75.0, < 2.0)
      rubocop-ast (>= 1.47.1, < 2.0)
    rubocop-rspec (3.9.0)
      lint_roller (~> 1.1)
      rubocop (~> 1.81)
    ruby-progressbar (1.13.0)
    sys-uname (1.4.1)
      ffi (~> 1.1)
      memoist3 (~> 1.0.0)
    thor (1.5.0)
    unicode-display_width (3.2.0)
      unicode-emoji (~> 4.1)
    unicode-emoji (4.2.0)
    unparser (0.8.1)
      diff-lcs (~> 1.6)
      parser (>= 3.3.0)
      prism (>= 1.5.1)

PLATFORMS
  arm64-darwin-23
  x64-mingw-ucrt
  x86_64-linux

DEPENDENCIES
  aruba
  ffi
  parallel_tests
  rake
  rspec
  rspec-parameterized (>= 1.0.0)
  rubocop
  rubocop-performance
  rubocop-rspec

RUBY VERSION
   ruby 4.0.0p0

BUNDLED WITH
   4.0.3
